	<Project xmlns="http://schemas.microsoft.com/developer/msbuild/2003">
		<PropertyGroup>
			<ProjectGuid>{cdc62598-d2c8-4f7f-964a-a782c7052677}</ProjectGuid>
			<MainSource>ProbarPACEcodex.dpr</MainSource>
			<Configuration Condition=" '$(Configuration)' == '' ">Debug</Configuration>
			<DCC_DCCCompiler>DCC32</DCC_DCCCompiler>
			<DCC_DependencyCheckOutputName>ProbarFacturaElectronica.exe</DCC_DependencyCheckOutputName>
			<FrameworkType>VCL</FrameworkType>
			<ProjectVersion>13.4</ProjectVersion>
			<Base>True</Base>
			<Config Condition="'$(Config)'==''">Release</Config>
			<Platform Condition="'$(Platform)'==''">Win32</Platform>
			<TargetedPlatforms>1</TargetedPlatforms>
			<AppType>Application</AppType>
		</PropertyGroup>
		<PropertyGroup Condition="'$(Config)'=='Base' or '$(Base)'!=''">
			<Base>true</Base>
		</PropertyGroup>
		<PropertyGroup Condition="('$(Platform)'=='Win64' and '$(Base)'=='true') or '$(Base_Win64)'!=''">
			<Base_Win64>true</Base_Win64>
			<CfgParent>Base</CfgParent>
			<Base>true</Base>
		</PropertyGroup>
		<PropertyGroup Condition="('$(Platform)'=='Win32' and '$(Base)'=='true') or '$(Base_Win32)'!=''">
			<Base_Win32>true</Base_Win32>
			<CfgParent>Base</CfgParent>
			<Base>true</Base>
		</PropertyGroup>
		<PropertyGroup Condition="'$(Config)'=='Release' or '$(Cfg_1)'!=''">
			<Cfg_1>true</Cfg_1>
			<CfgParent>Base</CfgParent>
			<Base>true</Base>
		</PropertyGroup>
		<PropertyGroup Condition="('$(Platform)'=='Win32' and '$(Cfg_1)'=='true') or '$(Cfg_1_Win32)'!=''">
			<Cfg_1_Win32>true</Cfg_1_Win32>
			<CfgParent>Cfg_1</CfgParent>
			<Cfg_1>true</Cfg_1>
			<Base>true</Base>
		</PropertyGroup>
		<PropertyGroup Condition="'$(Config)'=='Debug' or '$(Cfg_2)'!=''">
			<Cfg_2>true</Cfg_2>
			<CfgParent>Base</CfgParent>
			<Base>true</Base>
		</PropertyGroup>
		<PropertyGroup Condition="('$(Platform)'=='Win32' and '$(Cfg_2)'=='true') or '$(Cfg_2_Win32)'!=''">
			<Cfg_2_Win32>true</Cfg_2_Win32>
			<CfgParent>Cfg_2</CfgParent>
			<Cfg_2>true</Cfg_2>
			<Base>true</Base>
		</PropertyGroup>
		<PropertyGroup Condition="'$(Base)'!=''">
			<Icon_MainIcon>ProbarFacturaElectronica_Icon1.ico</Icon_MainIcon>
			<DCC_Define>TESTING;$(DCC_Define)</DCC_Define>
			<Manifest_File>None</Manifest_File>
			<DCC_Namespace>Vcl;Vcl.Imaging;Vcl.Touch;Vcl.Samples;Vcl.Shell;System;Xml;Data;Datasnap;Web;Soap;Winapi;Xml.Win;$(DCC_Namespace)</DCC_Namespace>
			<VerInfo_Keys>CompanyName=;FileDescription=;FileVersion=1.0.0.0;InternalName=;LegalCopyright=;LegalTrademarks=;OriginalFilename=;ProductName=;ProductVersion=1.0.0.0;Comments=</VerInfo_Keys>
			<VerInfo_Locale>1033</VerInfo_Locale>
		</PropertyGroup>
		<PropertyGroup Condition="'$(Base_Win64)'!=''">
			<Icon_MainIcon>ProbarFacturaElectronica_Icon1.ico</Icon_MainIcon>
			<Manifest_File>$(BDS)\bin\default_app.manifest</Manifest_File>
		</PropertyGroup>
		<PropertyGroup Condition="'$(Base_Win32)'!=''">
			<DCC_Namespace>System.Win;Data.Win;Datasnap.Win;Web.Win;Soap.Win;Bde;$(DCC_Namespace)</DCC_Namespace>
			<Manifest_File>$(BDS)\bin\default_app.manifest</Manifest_File>
			<Icon_MainIcon>ProbarFacturaElectronica_Icon1.ico</Icon_MainIcon>
			<VerInfo_IncludeVerInfo>true</VerInfo_IncludeVerInfo>
			<VerInfo_Locale>1033</VerInfo_Locale>
			<VerInfo_Keys>CompanyName=;FileDescription=;FileVersion=1.0.0.0;InternalName=;LegalCopyright=;LegalTrademarks=;OriginalFilename=;ProductName=;ProductVersion=1.0.0.0;Comments=</VerInfo_Keys>
		</PropertyGroup>
		<PropertyGroup Condition="'$(Cfg_1)'!=''">
			<Version>7.0</Version>
			<DCC_DebugInformation>False</DCC_DebugInformation>
			<DCC_LocalDebugSymbols>False</DCC_LocalDebugSymbols>
			<DCC_SymbolReferenceInfo>0</DCC_SymbolReferenceInfo>
			<DCC_Define>RELEASE;$(DCC_Define)</DCC_Define>
		</PropertyGroup>
		<PropertyGroup Condition="'$(Cfg_1_Win32)'!=''">
			<DCC_ConsoleTarget>true</DCC_ConsoleTarget>
			<DCC_Define>XMLOUTPUT;CONSOLE_TESTRUNNER;ISCONSOLE;$(DCC_Define)</DCC_Define>
			<VerInfo_IncludeVerInfo>true</VerInfo_IncludeVerInfo>
			<Icon_MainIcon>$(BDS)\bin\delphi_PROJECTICON.ico</Icon_MainIcon>
			<DCC_ExeOutput>C:\Delphi\eleventa\Output\UnitTests\Win32</DCC_ExeOutput>
			<Manifest_File>$(BDS)\bin\default_app.manifest</Manifest_File>
		</PropertyGroup>
		<PropertyGroup Condition="'$(Cfg_2)'!=''">
			<Version>7.0</Version>
			<DCC_Define>DEBUG;$(DCC_Define)</DCC_Define>
		</PropertyGroup>
		<PropertyGroup Condition="'$(Cfg_2_Win32)'!=''">
			<DCC_IntegerOverflowCheck>true</DCC_IntegerOverflowCheck>
			<DCC_DebugDCUs>true</DCC_DebugDCUs>
			<DCC_DcuOutput>..\Release\Win32</DCC_DcuOutput>
			<DCC_Define>CODESITE;$(DCC_Define)</DCC_Define>
			<DCC_RangeChecking>true</DCC_RangeChecking>
			<Manifest_File>$(BDS)\bin\default_app.manifest</Manifest_File>
			<Icon_MainIcon>$(BDS)\bin\delphi_PROJECTICON.ico</Icon_MainIcon>
			<DCC_ExeOutput>..\Release\Win32</DCC_ExeOutput>
			<VerInfo_IncludeVerInfo>true</VerInfo_IncludeVerInfo>
		</PropertyGroup>
		<ProjectExtensions>
			<Borland.Personality>Delphi.Personality.12</Borland.Personality>
			<Borland.ProjectType>VCLApplication</Borland.ProjectType>
			<BorlandProject>
				<Delphi.Personality>
					<Parameters>
						<Parameters Name="UseLauncher">False</Parameters>
						<Parameters Name="LoadAllSymbols">True</Parameters>
						<Parameters Name="LoadUnspecifiedSymbols">False</Parameters>
					</Parameters>
					<VersionInfo>
						<VersionInfo Name="IncludeVerInfo">False</VersionInfo>
						<VersionInfo Name="AutoIncBuild">False</VersionInfo>
						<VersionInfo Name="MajorVer">1</VersionInfo>
						<VersionInfo Name="MinorVer">0</VersionInfo>
						<VersionInfo Name="Release">0</VersionInfo>
						<VersionInfo Name="Build">0</VersionInfo>
						<VersionInfo Name="Debug">False</VersionInfo>
						<VersionInfo Name="PreRelease">False</VersionInfo>
						<VersionInfo Name="Special">False</VersionInfo>
						<VersionInfo Name="Private">False</VersionInfo>
						<VersionInfo Name="DLL">False</VersionInfo>
						<VersionInfo Name="Locale">1033</VersionInfo>
						<VersionInfo Name="CodePage">1252</VersionInfo>
					</VersionInfo>
					<VersionInfoKeys>
						<VersionInfoKeys Name="CompanyName"/>
						<VersionInfoKeys Name="FileDescription"/>
						<VersionInfoKeys Name="FileVersion">1.0.0.0</VersionInfoKeys>
						<VersionInfoKeys Name="InternalName"/>
						<VersionInfoKeys Name="LegalCopyright"/>
						<VersionInfoKeys Name="LegalTrademarks"/>
						<VersionInfoKeys Name="OriginalFilename"/>
						<VersionInfoKeys Name="ProductName"/>
						<VersionInfoKeys Name="ProductVersion">1.0.0.0</VersionInfoKeys>
						<VersionInfoKeys Name="Comments"/>
					</VersionInfoKeys>
					<Excluded_Packages>
						<Excluded_Packages Name="C:\Users\Public\Documents\RAD Studio\9.0\Bpl\IBO40CDT_D2012.bpl">IB Objects Core Components</Excluded_Packages>
						<Excluded_Packages Name="C:\Users\Public\Documents\RAD Studio\9.0\Bpl\IBO40ADT_D2012.bpl">IB Objects Native Data Access Components</Excluded_Packages>
						<Excluded_Packages Name="C:\Users\Public\Documents\RAD Studio\9.0\Bpl\IBO40TDT_D2012.bpl">IB Objects Tools Components</Excluded_Packages>
						<Excluded_Packages Name="C:\Users\Public\Documents\RAD Studio\9.0\Bpl\IBO40VDT_D2012.bpl">IB Objects Visual Controls</Excluded_Packages>
						<Excluded_Packages Name="C:\Users\Public\Documents\RAD Studio\9.0\Bpl\IBO40FDT_D2012.bpl">IB Objects Forms and Dialogs</Excluded_Packages>
						<Excluded_Packages Name="C:\Users\Public\Documents\RAD Studio\9.0\Bpl\IBO40XDT_D2012.bpl">IB Objects TDataset</Excluded_Packages>
						<Excluded_Packages Name="C:\Users\Public\Documents\RAD Studio\9.0\Bpl\IBO40WDT_D2012.bpl">IB Objects Internet Extensions</Excluded_Packages>
						<Excluded_Packages Name="C:\Users\Public\Documents\RAD Studio\9.0\Bpl\IBO40WXDT_D2012.bpl">IB Objects TDataset Internet Extensions</Excluded_Packages>
						<Excluded_Packages Name="C:\Users\Public\Documents\RAD Studio\9.0\Bpl\IBO40EDT_D2012.bpl">IB Objects Editors</Excluded_Packages>
						<Excluded_Packages Name="C:\Users\Public\Documents\RAD Studio\9.0\Bpl\iOSComps.bpl">Components for iOS</Excluded_Packages>
						<Excluded_Packages Name="$(BDSBIN)\dcloffice2k160.bpl">Microsoft Office 2000 Sample Automation Server Wrapper Components</Excluded_Packages>
						<Excluded_Packages Name="$(BDSBIN)\dclofficexp160.bpl">Microsoft Office XP Sample Automation Server Wrapper Components</Excluded_Packages>
						<Excluded_Packages Name="C:\Users\Public\Documents\RAD Studio\9.0\Bpl\IBO40WSDT_D2012.bpl">IB Objects Web Snap Extensions</Excluded_Packages>
						<Excluded_Packages Name="C:\Delphi\eleventa\externos\LibreriasDelphi\IBObjects\lib\d2012\Win32\Release\ibo5wsdt_d2012.bpl">File C:\Delphi\eleventa\externos\LibreriasDelphi\IBObjects\lib\d2012\Win32\Release\ibo5wsdt_d2012.bpl not found</Excluded_Packages>
					</Excluded_Packages>
					<Source>
						<Source Name="MainSource">ProbarPACEcodex.dpr</Source>
					</Source>
				</Delphi.Personality>
				<Platforms>
					<Platform value="Win64">False</Platform>
					<Platform value="Win32">True</Platform>
				</Platforms>
				<ModelSupport>False</ModelSupport>
			</BorlandProject>
			<ProjectFileVersion>12</ProjectFileVersion>
		</ProjectExtensions>
		<ItemGroup>
			<DelphiCompile Include="$(MainSource)">
				<MainSource>MainSource</MainSource>
			</DelphiCompile>
			<DCCReference Include="..\..\..\Pruebas\DUnit-XML\VSoft.DUnit.XMLTestRunner.pas"/>
			<DCCReference Include="..\..\..\Pruebas\DUnit-XML\VSoft.MSXML6.pas">
				<Form>$ENDIF</Form>
			</DCCReference>
			<DCCReference Include="..\..\..\FacturaTipos.pas"/>
			<DCCReference Include="..\..\..\FacturaReglamentacion.pas"/>
			<DCCReference Include="TestManejadorDeSesion.pas"/>
			<DCCReference Include="..\PAC.Ecodex.ManejadorDeSesion.pas"/>
			<DCCReference Include="..\EcodexWsSeguridad.pas"/>
			<DCCReference Include="..\..\ProveedorAutorizadoCertificacion.pas"/>
			<DCCReference Include="..\EcodexWsTimbrado.pas"/>
			<DCCReference Include="TestPACEcodex.pas"/>
			<DCCReference Include="..\..\..\Pruebas\TestPrueba.pas"/>
			<DCCReference Include="..\PACEcodex.pas"/>
			<DCCReference Include="..\..\..\FacturacionHashes.pas"/>
			<DCCReference Include="..\..\..\CFD\FETimbreFiscalDigital.pas"/>
			<DCCReference Include="..\..\..\CFD\FeCFDv32.pas"/>
			<DCCReference Include="..\..\..\CFD\FeCFD.pas"/>
			<DCCReference Include="..\..\..\CFD\FeCFDv2.pas"/>
			<DCCReference Include="..\..\..\CFD\FeCFDv22.pas"/>
			<DCCReference Include="..\..\..\FacturaElectronica.pas"/>
			<DCCReference Include="..\..\..\DocComprobanteFiscal.pas"/>
			<DCCReference Include="..\..\..\ClaseOpenSSL.pas"/>
			<DCCReference Include="..\..\..\libeay32.pas"/>
			<DCCReference Include="..\..\..\LibEay32Plus.pas"/>
			<DCCReference Include="..\..\..\OpenSSLUtils.pas"/>
			<DCCReference Include="..\..\..\SelloDigital.pas"/>
			<DCCReference Include="..\..\..\CadenaOriginal.pas"/>
			<DCCReference Include="..\..\..\ComprobanteFiscal.pas"/>
			<DCCReference Include="..\EcodexWsClientes.pas"/>
			<DCCReference Include="..\EcodexWsComun.pas"/>
			<DCCReference Include="..\..\ManejadorDeErroresComunes.pas"/>
			<DCCReference Include="..\EcodexWsCancelacion.pas"/>
			<BuildConfiguration Include="Debug">
				<Key>Cfg_2</Key>
				<CfgParent>Base</CfgParent>
			</BuildConfiguration>
			<BuildConfiguration Include="Base">
				<Key>Base</Key>
			</BuildConfiguration>
			<BuildConfiguration Include="Release">
				<Key>Cfg_1</Key>
				<CfgParent>Base</CfgParent>
			</BuildConfiguration>
		</ItemGroup>
		<ItemGroup/>
		<Import Project="$(BDS)\Bin\CodeGear.Delphi.Targets"/>
		<Import Project="$(APPDATA)\Embarcadero\$(BDSAPPDATABASEDIR)\$(PRODUCTVERSION)\UserTools.proj" Condition="Exists('$(APPDATA)\Embarcadero\$(BDSAPPDATABASEDIR)\$(PRODUCTVERSION)\UserTools.proj')"/>
	</Project>

<!-- EurekaLog First Line
[Exception Log]
EurekaLog Version=7001
Activate=0
DeleteMapAfterCompile=1
Encrypt Password=""
EurekaLog Last Line -->
