<Project xmlns="http://schemas.microsoft.com/developer/msbuild/2003">
  <PropertyGroup>
    <ProjectGuid>{6a67de98-cb77-40d6-ae8b-6b4a316cb72d}</ProjectGuid>
    <MainSource>EjemploFacturaElectronica.dpr</MainSource>
    <Configuration Condition=" '$(Configuration)' == '' ">Debug</Configuration>
    <Platform Condition=" '$(Platform)' == '' ">AnyCPU</Platform>
    <DCC_DCCCompiler>DCC32</DCC_DCCCompiler>
    <DCC_DependencyCheckOutputName>EjemploFacturaElectronica.exe</DCC_DependencyCheckOutputName>
  </PropertyGroup>
  <PropertyGroup Condition=" '$(Configuration)|$(Platform)' == 'Release|AnyCPU' ">
    <Version>7.0</Version>
    <DCC_DebugInformation>False</DCC_DebugInformation>
    <DCC_LocalDebugSymbols>False</DCC_LocalDebugSymbols>
    <DCC_SymbolReferenceInfo>0</DCC_SymbolReferenceInfo>
    <DCC_Define>RELEASE</DCC_Define>
  </PropertyGroup>
  <PropertyGroup Condition=" '$(Configuration)|$(Platform)' == 'Debug|AnyCPU' ">
    <Version>7.0</Version>
    <DCC_Define>DEBUG</DCC_Define>
    <DCC_UnitSearchPath>D:\Proyectos\Codigo\GitHub\tfacturaelectronica\OpenSSL</DCC_UnitSearchPath>
    <DCC_ResourcePath>D:\Proyectos\Codigo\GitHub\tfacturaelectronica\OpenSSL</DCC_ResourcePath>
    <DCC_ObjPath>D:\Proyectos\Codigo\GitHub\tfacturaelectronica\OpenSSL</DCC_ObjPath>
    <DCC_IncludePath>D:\Proyectos\Codigo\GitHub\tfacturaelectronica\OpenSSL</DCC_IncludePath>
  </PropertyGroup>
  <ProjectExtensions>
    <Borland.Personality>Delphi.Personality</Borland.Personality>
    <Borland.ProjectType>VCLApplication</Borland.ProjectType>
    <BorlandProject>
<BorlandProject><Delphi.Personality><Parameters><Parameters Name="UseLauncher">False</Parameters><Parameters Name="LoadAllSymbols">True</Parameters><Parameters Name="LoadUnspecifiedSymbols">False</Parameters></Parameters><VersionInfo><VersionInfo Name="IncludeVerInfo">True</VersionInfo><VersionInfo Name="AutoIncBuild">False</VersionInfo><VersionInfo Name="MajorVer">1</VersionInfo><VersionInfo Name="MinorVer">0</VersionInfo><VersionInfo Name="Release">0</VersionInfo><VersionInfo Name="Build">0</VersionInfo><VersionInfo Name="Debug">False</VersionInfo><VersionInfo Name="PreRelease">False</VersionInfo><VersionInfo Name="Special">False</VersionInfo><VersionInfo Name="Private">False</VersionInfo><VersionInfo Name="DLL">False</VersionInfo><VersionInfo Name="Locale">2058</VersionInfo><VersionInfo Name="CodePage">1252</VersionInfo></VersionInfo><VersionInfoKeys><VersionInfoKeys Name="CompanyName"></VersionInfoKeys><VersionInfoKeys Name="FileDescription"></VersionInfoKeys><VersionInfoKeys Name="FileVersion">1.0.0.0</VersionInfoKeys><VersionInfoKeys Name="InternalName"></VersionInfoKeys><VersionInfoKeys Name="LegalCopyright"></VersionInfoKeys><VersionInfoKeys Name="LegalTrademarks"></VersionInfoKeys><VersionInfoKeys Name="OriginalFilename"></VersionInfoKeys><VersionInfoKeys Name="ProductName"></VersionInfoKeys><VersionInfoKeys Name="ProductVersion">1.0.0.0</VersionInfoKeys><VersionInfoKeys Name="Comments"></VersionInfoKeys></VersionInfoKeys><Source><Source Name="MainSource">EjemploFacturaElectronica.dpr</Source></Source></Delphi.Personality></BorlandProject></BorlandProject>
  </ProjectExtensions>
  <Import Project="$(MSBuildBinPath)\Borland.Delphi.Targets" />
  <ItemGroup>
    <DelphiCompile Include="EjemploFacturaElectronica.dpr">
      <MainSource>MainSource</MainSource>
    </DelphiCompile>
    <DCCReference Include="..\Facturacion.Administrador.pas" />
    <DCCReference Include="..\Facturacion.CertificadoDeSellos.pas" />
    <DCCReference Include="..\Facturacion.GeneradorCadenaOriginal.pas" />
    <DCCReference Include="..\Facturacion.GeneradorCBB.pas" />
    <DCCReference Include="..\Facturacion.GeneradorQR.pas" />
    <DCCReference Include="..\Facturacion.GeneradorSello.pas" />
    <DCCReference Include="..\Facturacion.Helper.pas" />
    <DCCReference Include="..\Facturacion.OpenSSL.pas" />
    <DCCReference Include="..\Facturacion.ProveedorAutorizadoCertificacion.pas" />
    <DCCReference Include="..\Facturacion.Tipos.pas" />
    <DCCReference Include="..\Lib\DelphiZXIngQRCode.pas" />
    <DCCReference Include="..\PACs\ComercioDigital\Facturacion.PAC.Comercio.pas" />
    <DCCReference Include="..\PACs\Ecodex\EcodexWsClientes.pas" />
    <DCCReference Include="..\PACs\Ecodex\EcodexWsComun.pas" />
    <DCCReference Include="..\PACs\Ecodex\EcodexWsSeguridad.pas" />
    <DCCReference Include="..\PACs\Ecodex\EcodexWsTimbrado.pas" />
    <DCCReference Include="..\PACs\Ecodex\Facturacion.PAC.Ecodex.pas" />
    <DCCReference Include="..\PACs\Ecodex\PAC.Ecodex.ManejadorDeSesion.pas" />
    <DCCReference Include="..\PACs\Facturacion.ManejadorErroresComunesWebServices.pas" />
    <DCCReference Include="..\PACs\FinkOK\Facturacion.PAC.FInkOk.pas" />
    <DCCReference Include="..\PACs\FinkOK\FinkOkWsTimbrado.pas" />
    <DCCReference Include="..\Versiones\Facturacion.Comprobante.pas" />
    <DCCReference Include="..\Versiones\Facturacion.ComprobanteV32.pas" />
    <DCCReference Include="..\Versiones\Facturacion.ComprobanteV33.pas" />
    <DCCReference Include="..\Versiones\Facturacion.GeneradorCadenaOrignalV32.pas" />
    <DCCReference Include="..\Versiones\Facturacion.GeneradorCadenaOrignalV33.pas" />
    <DCCReference Include="..\Versiones\Facturacion.GeneradorCBBv32.pas" />
    <DCCReference Include="..\Versiones\Facturacion.GeneradorCBBv33.pas" />
    <DCCReference Include="..\Versiones\Facturacion.GeneradorSelloV32.pas" />
    <DCCReference Include="..\Versiones\Facturacion.GeneradorSelloV33.pas" />
    <DCCReference Include="..\Versiones\Facturacion.ImpuestosLocalesV1.pas" />
    <DCCReference Include="..\Versiones\Facturacion.TimbreFiscalDigitalV32.pas" />
    <DCCReference Include="..\Versiones\Facturacion.TimbreFiscalDigitalV33.pas" />
  </ItemGroup>
</Project>