<Project xmlns="http://schemas.microsoft.com/developer/msbuild/2003">
  <PropertyGroup>
    <ProjectGuid>{a48ebda4-cd68-4b40-9b85-b19ec843b259}</ProjectGuid>
    <MainSource>EjemploFacturaElectronica.dpr</MainSource>
    <Configuration Condition=" '$(Configuration)' == '' ">Debug</Configuration>
    <Platform Condition=" '$(Platform)' == '' ">AnyCPU</Platform>
    <DCC_DCCCompiler>DCC32</DCC_DCCCompiler>
    <DCC_DependencyCheckOutputName>EjemploFacturaElectronica.exe</DCC_DependencyCheckOutputName>
  </PropertyGroup>
  <PropertyGroup Condition=" '$(Configuration)|$(Platform)' == 'Release|AnyCPU' ">
    <Version>7.0</Version>
    <DCC_DebugInformation>False</DCC_DebugInformation>
    <DCC_LocalDebugSymbols>False</DCC_LocalDebugSymbols>
    <DCC_SymbolReferenceInfo>0</DCC_SymbolReferenceInfo>
    <DCC_UnitSearchPath>..\OpenSSL;..\PACs\Ecodex;..\Schemas\3.2;..\Schemas\3.3;..\Lib</DCC_UnitSearchPath>
    <DCC_ResourcePath>..\OpenSSL;..\PACs\Ecodex;..\Schemas\3.2;..\Schemas\3.3;..\Lib</DCC_ResourcePath>
    <DCC_ObjPath>..\OpenSSL;..\PACs\Ecodex;..\Schemas\3.2;..\Schemas\3.3;..\Lib</DCC_ObjPath>
    <DCC_IncludePath>..\OpenSSL;..\PACs\Ecodex;..\Schemas\3.2;..\Schemas\3.3;..\Lib</DCC_IncludePath>
    <DCC_Define>RELEASE</DCC_Define>
    <DCC_UNSAFE_TYPE>True</DCC_UNSAFE_TYPE>
    <DCC_UNSAFE_CODE>True</DCC_UNSAFE_CODE>
    <DCC_UNSAFE_CAST>True</DCC_UNSAFE_CAST>
  </PropertyGroup>
  <PropertyGroup Condition=" '$(Configuration)|$(Platform)' == 'Debug|AnyCPU' ">
    <Version>7.0</Version>
    <DCC_UnitSearchPath>..\OpenSSL;..\PACs\Ecodex;..\Schemas\3.2;..\Schemas\3.3;..\Lib</DCC_UnitSearchPath>
    <DCC_ResourcePath>..\OpenSSL;..\PACs\Ecodex;..\Schemas\3.2;..\Schemas\3.3;..\Lib</DCC_ResourcePath>
    <DCC_ObjPath>..\OpenSSL;..\PACs\Ecodex;..\Schemas\3.2;..\Schemas\3.3;..\Lib</DCC_ObjPath>
    <DCC_IncludePath>..\OpenSSL;..\PACs\Ecodex;..\Schemas\3.2;..\Schemas\3.3;..\Lib</DCC_IncludePath>
    <DCC_Define>DEBUG</DCC_Define>
    <DCC_UNSAFE_TYPE>True</DCC_UNSAFE_TYPE>
    <DCC_UNSAFE_CODE>True</DCC_UNSAFE_CODE>
    <DCC_UNSAFE_CAST>True</DCC_UNSAFE_CAST>
  </PropertyGroup>
  <ProjectExtensions>
    <Borland.Personality>Delphi.Personality</Borland.Personality>
    <Borland.ProjectType>VCLApplication</Borland.ProjectType>
    <BorlandProject>
<BorlandProject xmlns=""> <Delphi.Personality>   <Parameters>
      <Parameters Name="UseLauncher">False</Parameters>
      <Parameters Name="LoadAllSymbols">True</Parameters>
      <Parameters Name="LoadUnspecifiedSymbols">False</Parameters>
    </Parameters>
    <Language>
      <Language Name="RootDir">C:\Program Files\Borland\Delphi7\Bin\</Language>
    </Language>
    <VersionInfo>
      <VersionInfo Name="IncludeVerInfo">False</VersionInfo>
      <VersionInfo Name="AutoIncBuild">False</VersionInfo>
      <VersionInfo Name="MajorVer">1</VersionInfo>
      <VersionInfo Name="MinorVer">0</VersionInfo>
      <VersionInfo Name="Release">0</VersionInfo>
      <VersionInfo Name="Build">0</VersionInfo>
      <VersionInfo Name="Debug">False</VersionInfo>
      <VersionInfo Name="PreRelease">False</VersionInfo>
      <VersionInfo Name="Special">False</VersionInfo>
      <VersionInfo Name="Private">False</VersionInfo>
      <VersionInfo Name="DLL">False</VersionInfo>
      <VersionInfo Name="Locale">1033</VersionInfo>
      <VersionInfo Name="CodePage">1252</VersionInfo>
    </VersionInfo>
    <VersionInfoKeys>
      <VersionInfoKeys Name="CompanyName"></VersionInfoKeys>
      <VersionInfoKeys Name="FileDescription"></VersionInfoKeys>
      <VersionInfoKeys Name="FileVersion">1.0.0.0</VersionInfoKeys>
      <VersionInfoKeys Name="InternalName"></VersionInfoKeys>
      <VersionInfoKeys Name="LegalCopyright"></VersionInfoKeys>
      <VersionInfoKeys Name="LegalTrademarks"></VersionInfoKeys>
      <VersionInfoKeys Name="OriginalFilename"></VersionInfoKeys>
      <VersionInfoKeys Name="ProductName"></VersionInfoKeys>
      <VersionInfoKeys Name="ProductVersion">1.0.0.0</VersionInfoKeys>
      <VersionInfoKeys Name="Comments"></VersionInfoKeys>
    </VersionInfoKeys>
    <Source>
      <Source Name="MainSource">EjemploFacturaElectronica.dpr</Source>
    </Source>
  </Delphi.Personality> </BorlandProject></BorlandProject>
  </ProjectExtensions>
  <Import Project="$(MSBuildBinPath)\Borland.Delphi.Targets" />
  <ItemGroup>
    <DelphiCompile Include="EjemploFacturaElectronica.dpr">
      <MainSource>MainSource</MainSource>
    </DelphiCompile>
    <DCCReference Include="..\Facturacion.Administrador.pas" />
    <DCCReference Include="..\Facturacion.CertificadoDeSellos.pas" />
    <DCCReference Include="..\Facturacion.GeneradorCadenaOriginal.pas" />
    <DCCReference Include="..\Facturacion.GeneradorCBB.pas" />
    <DCCReference Include="..\Facturacion.GeneradorLigaVerificacion.pas" />
    <DCCReference Include="..\Facturacion.GeneradorQR.pas" />
    <DCCReference Include="..\Facturacion.GeneradorQRQuricol.pas" />
    <DCCReference Include="..\Facturacion.GeneradorSello.pas" />
    <DCCReference Include="..\Facturacion.Helper.pas" />
    <DCCReference Include="..\Facturacion.OpenSSL.pas" />
    <DCCReference Include="..\Facturacion.ProveedorAutorizadoCertificacion.pas" />
    <DCCReference Include="..\Facturacion.Tipos.pas" />
    <DCCReference Include="..\Lib\DelphiZXIngQRCode.pas" />
    <DCCReference Include="..\PACs\ComercioDigital\Cancelacion.PAC.Comercio.pas" />
    <DCCReference Include="..\PACs\ComercioDigital\ComercioWsComun.pas" />
    <DCCReference Include="..\PACs\ComercioDigital\Facturacion.PAC.Comercio.pas" />
    <DCCReference Include="..\PACs\Ecodex\EcodexWsCancelacion.pas" />
    <DCCReference Include="..\PACs\Ecodex\EcodexWsClientes.pas" />
    <DCCReference Include="..\PACs\Ecodex\EcodexWsComun.pas" />
    <DCCReference Include="..\PACs\Ecodex\EcodexWsSeguridad.pas" />
    <DCCReference Include="..\PACs\Ecodex\EcodexWsTimbrado.pas" />
    <DCCReference Include="..\PACs\Ecodex\Facturacion.PAC.Ecodex.pas" />
    <DCCReference Include="..\PACs\Ecodex\PAC.Ecodex.ManejadorDeSesion.pas" />
    <DCCReference Include="..\PACs\Facturacion.ManejadorErroresComunesWebServices.pas" />
    <DCCReference Include="..\PACs\FinkOK\Facturacion.PAC.FInkOk.pas" />
    <DCCReference Include="..\PACs\FinkOK\FinkOkWsCancelacion.pas" />
    <DCCReference Include="..\PACs\FinkOK\FinkOkWsComun.pas" />
    <DCCReference Include="..\PACs\FinkOK\FinkOkWsTimbrado.pas" />
    <DCCReference Include="..\PACs\MultiFacturas\Facturacion.PAC.MultiFacturas.pas" />
    <DCCReference Include="..\PACs\MultiFacturas\MultiFacturasWsTimbrado.pas" />
    <DCCReference Include="..\PACs\MultiFacturas\MultiFacturasWsTimbradoEx.pas" />
    <DCCReference Include="..\PACs\SolucionFactible\Facturacion.PAC.SolucionFactible.pas" />
    <DCCReference Include="..\PACs\SolucionFactible\SolucionFactibleWsTimbrado.pas" />
    <DCCReference Include="..\Versiones\Facturacion.ComplementoPagoV1.pas" />
    <DCCReference Include="..\Versiones\Facturacion.Comprobante.pas" />
    <DCCReference Include="..\Versiones\Facturacion.ComprobanteV32.pas" />
    <DCCReference Include="..\Versiones\Facturacion.ComprobanteV33.pas" />
    <DCCReference Include="..\Versiones\Facturacion.GeneradorCadenaOrignalV32.pas" />
    <DCCReference Include="..\Versiones\Facturacion.GeneradorCadenaOrignalV33.pas" />
    <DCCReference Include="..\Versiones\Facturacion.GeneradorCBBv32.pas" />
    <DCCReference Include="..\Versiones\Facturacion.GeneradorCBBv33.pas" />
    <DCCReference Include="..\Versiones\Facturacion.GeneradorSelloV32.pas" />
    <DCCReference Include="..\Versiones\Facturacion.GeneradorSelloV33.pas" />
    <DCCReference Include="..\Versiones\Facturacion.ImpuestosLocalesV1.pas" />
    <DCCReference Include="..\Versiones\Facturacion.TimbreFiscalDigitalV32.pas" />
    <DCCReference Include="..\Versiones\Facturacion.TimbreFiscalDigitalV33.pas" />
  </ItemGroup>
</Project>